
Microsoft Visual Studio Solution File, Format Version 12.00
# Visual Studio 15
VisualStudioVersion = 15.0.27130.2036
MinimumVisualStudioVersion = 10.0.40219.1
Project("{FAE04EC0-301F-11D3-BF4B-00C04F79EFBC}") = "Opg 10_HelloWorld", "Opg 10_HelloWorld\Opg 10_HelloWorld.csproj", "{C5FCE089-677A-447D-8758-6A8AAD7F45E3}"
EndProject
Global
	GlobalSection(SolutionConfigurationPlatforms) = preSolution
		Debug|Any CPU = Debug|Any CPU
		Release|Any CPU = Release|Any CPU
	EndGlobalSection
	GlobalSection(ProjectConfigurationPlatforms) = postSolution
		{C5FCE089-677A-447D-8758-6A8AAD7F45E3}.Debug|Any CPU.ActiveCfg = Debug|Any CPU
		{C5FCE089-677A-447D-8758-6A8AAD7F45E3}.Debug|Any CPU.Build.0 = Debug|Any CPU
		{C5FCE089-677A-447D-8758-6A8AAD7F45E3}.Release|Any CPU.ActiveCfg = Release|Any CPU
		{C5FCE089-677A-447D-8758-6A8AAD7F45E3}.Release|Any CPU.Build.0 = Release|Any CPU
	EndGlobalSection
	GlobalSection(SolutionProperties) = preSolution
		HideSolutionNode = FALSE
	EndGlobalSection
	GlobalSection(ExtensibilityGlobals) = postSolution
		SolutionGuid = {75C4E2E2-5DF2-47B7-9DFB-3CE8F8A8CA3E}
	EndGlobalSection
EndGlobal
